
Microsoft Visual Studio Solution File, Format Version 12.00
# Visual Studio Version 16
VisualStudioVersion = 25.0.1703.3
MinimumVisualStudioVersion = 10.0.40219.1
Project("{FAE04EC0-301F-11D3-BF4B-00C04F79EFBC}") = "Week4Loops", "Week4Loops.csproj", "{071932C2-1660-4F59-8D40-8E8DB917492C}"
EndProject
Project("{FAE04EC0-301F-11D3-BF4B-00C04F79EFBC}") = "ForloopSum", "..\ForloopSum\ForloopSum.csproj", "{83DA24CF-CE25-4129-9B6C-FCB1C61B1FAE}"
EndProject
Project("{FAE04EC0-301F-11D3-BF4B-00C04F79EFBC}") = "RandomNumber", "..\RandomNumber\RandomNumber.csproj", "{81E4AE87-3C38-45EF-B4EB-2E06A8879578}"
EndProject
Project("{FAE04EC0-301F-11D3-BF4B-00C04F79EFBC}") = "WhileLoops", "..\WhileLoops\WhileLoops.csproj", "{9B3F8454-6562-4874-896C-9142ECA67101}"
EndProject
Global
	GlobalSection(SolutionConfigurationPlatforms) = preSolution
		Debug|Any CPU = Debug|Any CPU
		Release|Any CPU = Release|Any CPU
	EndGlobalSection
	GlobalSection(ProjectConfigurationPlatforms) = postSolution
		{071932C2-1660-4F59-8D40-8E8DB917492C}.Debug|Any CPU.ActiveCfg = Debug|Any CPU
		{071932C2-1660-4F59-8D40-8E8DB917492C}.Debug|Any CPU.Build.0 = Debug|Any CPU
		{071932C2-1660-4F59-8D40-8E8DB917492C}.Release|Any CPU.ActiveCfg = Release|Any CPU
		{071932C2-1660-4F59-8D40-8E8DB917492C}.Release|Any CPU.Build.0 = Release|Any CPU
		{83DA24CF-CE25-4129-9B6C-FCB1C61B1FAE}.Debug|Any CPU.ActiveCfg = Debug|Any CPU
		{83DA24CF-CE25-4129-9B6C-FCB1C61B1FAE}.Debug|Any CPU.Build.0 = Debug|Any CPU
		{83DA24CF-CE25-4129-9B6C-FCB1C61B1FAE}.Release|Any CPU.ActiveCfg = Release|Any CPU
		{83DA24CF-CE25-4129-9B6C-FCB1C61B1FAE}.Release|Any CPU.Build.0 = Release|Any CPU
		{81E4AE87-3C38-45EF-B4EB-2E06A8879578}.Debug|Any CPU.ActiveCfg = Debug|Any CPU
		{81E4AE87-3C38-45EF-B4EB-2E06A8879578}.Debug|Any CPU.Build.0 = Debug|Any CPU
		{81E4AE87-3C38-45EF-B4EB-2E06A8879578}.Release|Any CPU.ActiveCfg = Release|Any CPU
		{81E4AE87-3C38-45EF-B4EB-2E06A8879578}.Release|Any CPU.Build.0 = Release|Any CPU
		{9B3F8454-6562-4874-896C-9142ECA67101}.Debug|Any CPU.ActiveCfg = Debug|Any CPU
		{9B3F8454-6562-4874-896C-9142ECA67101}.Debug|Any CPU.Build.0 = Debug|Any CPU
		{9B3F8454-6562-4874-896C-9142ECA67101}.Release|Any CPU.ActiveCfg = Release|Any CPU
		{9B3F8454-6562-4874-896C-9142ECA67101}.Release|Any CPU.Build.0 = Release|Any CPU
	EndGlobalSection
	GlobalSection(SolutionProperties) = preSolution
		HideSolutionNode = FALSE
	EndGlobalSection
	GlobalSection(ExtensibilityGlobals) = postSolution
		SolutionGuid = {033B7356-E052-45AD-BD1B-0F9F275AD744}
	EndGlobalSection
EndGlobal
